
Microsoft Visual Studio Solution File, Format Version 12.00
# Visual Studio Version 17
VisualStudioVersion = 17.5.33516.290
MinimumVisualStudioVersion = 10.0.40219.1
Project("{FAE04EC0-301F-11D3-BF4B-00C04F79EFBC}") = "BranchingAssignment", "BranchingAssignment.csproj", "{8A19A521-0D3F-4A59-B038-947BE2502F0B}"
EndProject
Global
	GlobalSection(SolutionConfigurationPlatforms) = preSolution
		Debug|Any CPU = Debug|Any CPU
		Release|Any CPU = Release|Any CPU
	EndGlobalSection
	GlobalSection(ProjectConfigurationPlatforms) = postSolution
		{8A19A521-0D3F-4A59-B038-947BE2502F0B}.Debug|Any CPU.ActiveCfg = Debug|Any CPU
		{8A19A521-0D3F-4A59-B038-947BE2502F0B}.Debug|Any CPU.Build.0 = Debug|Any CPU
		{8A19A521-0D3F-4A59-B038-947BE2502F0B}.Release|Any CPU.ActiveCfg = Release|Any CPU
		{8A19A521-0D3F-4A59-B038-947BE2502F0B}.Release|Any CPU.Build.0 = Release|Any CPU
	EndGlobalSection
	GlobalSection(SolutionProperties) = preSolution
		HideSolutionNode = FALSE
	EndGlobalSection
	GlobalSection(ExtensibilityGlobals) = postSolution
		SolutionGuid = {F77B1825-E1F5-4391-B7B5-3B2288A77DF6}
	EndGlobalSection
EndGlobal
